
Microsoft Visual Studio Solution File, Format Version 11.00
# Visual Studio 2010
Project("{8BC9CEB8-8B4A-11D0-8D11-00A0C91BC942}") = "PilasColas", "PilasColas\PilasColas.vcxproj", "{39146912-4CAC-4AA3-A797-8B6CFE4F3CE6}"
EndProject
Global
	GlobalSection(SolutionConfigurationPlatforms) = preSolution
		Debug|Win32 = Debug|Win32
		Release|Win32 = Release|Win32
	EndGlobalSection
	GlobalSection(ProjectConfigurationPlatforms) = postSolution
		{39146912-4CAC-4AA3-A797-8B6CFE4F3CE6}.Debug|Win32.ActiveCfg = Debug|Win32
		{39146912-4CAC-4AA3-A797-8B6CFE4F3CE6}.Debug|Win32.Build.0 = Debug|Win32
		{39146912-4CAC-4AA3-A797-8B6CFE4F3CE6}.Release|Win32.ActiveCfg = Release|Win32
		{39146912-4CAC-4AA3-A797-8B6CFE4F3CE6}.Release|Win32.Build.0 = Release|Win32
	EndGlobalSection
	GlobalSection(SolutionProperties) = preSolution
		HideSolutionNode = FALSE
	EndGlobalSection
EndGlobal
